
Microsoft Visual Studio Solution File, Format Version 12.00
# Visual Studio 15
VisualStudioVersion = 15.0.28307.421
MinimumVisualStudioVersion = 10.0.40219.1
Project("{FAE04EC0-301F-11D3-BF4B-00C04F79EFBC}") = "TicTac", "TicTac\TicTac.csproj", "{C67087E3-5522-4AC5-BA1C-E4CCDF8F27D5}"
EndProject
Project("{FAE04EC0-301F-11D3-BF4B-00C04F79EFBC}") = "TicTac.Test", "TicTac.Test\TicTac.Test.csproj", "{43ACE8FB-FDCD-4999-9D4E-62102A189FE3}"
EndProject
Global
	GlobalSection(SolutionConfigurationPlatforms) = preSolution
		Debug|Any CPU = Debug|Any CPU
		Release|Any CPU = Release|Any CPU
	EndGlobalSection
	GlobalSection(ProjectConfigurationPlatforms) = postSolution
		{C67087E3-5522-4AC5-BA1C-E4CCDF8F27D5}.Debug|Any CPU.ActiveCfg = Debug|Any CPU
		{C67087E3-5522-4AC5-BA1C-E4CCDF8F27D5}.Debug|Any CPU.Build.0 = Debug|Any CPU
		{C67087E3-5522-4AC5-BA1C-E4CCDF8F27D5}.Release|Any CPU.ActiveCfg = Release|Any CPU
		{C67087E3-5522-4AC5-BA1C-E4CCDF8F27D5}.Release|Any CPU.Build.0 = Release|Any CPU
		{43ACE8FB-FDCD-4999-9D4E-62102A189FE3}.Debug|Any CPU.ActiveCfg = Debug|Any CPU
		{43ACE8FB-FDCD-4999-9D4E-62102A189FE3}.Debug|Any CPU.Build.0 = Debug|Any CPU
		{43ACE8FB-FDCD-4999-9D4E-62102A189FE3}.Release|Any CPU.ActiveCfg = Release|Any CPU
		{43ACE8FB-FDCD-4999-9D4E-62102A189FE3}.Release|Any CPU.Build.0 = Release|Any CPU
	EndGlobalSection
	GlobalSection(SolutionProperties) = preSolution
		HideSolutionNode = FALSE
	EndGlobalSection
	GlobalSection(ExtensibilityGlobals) = postSolution
		SolutionGuid = {FBE5460E-C1A0-483F-BD7D-D90E8943C0A6}
	EndGlobalSection
EndGlobal
